
Microsoft Visual Studio Solution File, Format Version 12.00
# Visual Studio Version 16
VisualStudioVersion = 16.0.30717.126
MinimumVisualStudioVersion = 10.0.40219.1
Project("{FAE04EC0-301F-11D3-BF4B-00C04F79EFBC}") = "SourceControlAssignment1", "SourceControlAssignment1\SourceControlAssignment1.csproj", "{EC0E4CF5-506D-44B6-B0D5-1D66C706CC5A}"
EndProject
Global
	GlobalSection(SolutionConfigurationPlatforms) = preSolution
		Debug|Any CPU = Debug|Any CPU
		Release|Any CPU = Release|Any CPU
	EndGlobalSection
	GlobalSection(ProjectConfigurationPlatforms) = postSolution
		{EC0E4CF5-506D-44B6-B0D5-1D66C706CC5A}.Debug|Any CPU.ActiveCfg = Debug|Any CPU
		{EC0E4CF5-506D-44B6-B0D5-1D66C706CC5A}.Debug|Any CPU.Build.0 = Debug|Any CPU
		{EC0E4CF5-506D-44B6-B0D5-1D66C706CC5A}.Release|Any CPU.ActiveCfg = Release|Any CPU
		{EC0E4CF5-506D-44B6-B0D5-1D66C706CC5A}.Release|Any CPU.Build.0 = Release|Any CPU
	EndGlobalSection
	GlobalSection(SolutionProperties) = preSolution
		HideSolutionNode = FALSE
	EndGlobalSection
	GlobalSection(ExtensibilityGlobals) = postSolution
		SolutionGuid = {BC11A67F-A126-4D6A-A3E6-2AFACAA5A73E}
	EndGlobalSection
EndGlobal
