
Microsoft Visual Studio Solution File, Format Version 12.00
# Visual Studio Version 16
VisualStudioVersion = 16.0.30717.126
MinimumVisualStudioVersion = 10.0.40219.1
Project("{FAE04EC0-301F-11D3-BF4B-00C04F79EFBC}") = "Hotel_Management_System-WebApi", "Hotel_Management_System\Hotel_Management_System-WebApi.csproj", "{ED1BE137-D33A-4CE3-861B-5481771F3E0E}"
EndProject
Project("{FAE04EC0-301F-11D3-BF4B-00C04F79EFBC}") = "Hotel_Management_System-Models", "Hotel_Management_System-Models\Hotel_Management_System-Models.csproj", "{81218585-6048-4C7B-BDCB-79D2D959444C}"
EndProject
Project("{FAE04EC0-301F-11D3-BF4B-00C04F79EFBC}") = "Hotel_Management_System-Database", "Hotel_Management_System-Database\Hotel_Management_System-Database.csproj", "{A6CD2E22-EEC2-47E7-B217-E570AFBB7AD1}"
EndProject
Project("{FAE04EC0-301F-11D3-BF4B-00C04F79EFBC}") = "Hotel_Management_System-Logic", "Hotel_Management_System-Logic\Hotel_Management_System-Logic.csproj", "{DDA53E0D-2BD1-49F6-9CD6-D3A0289CDF71}"
EndProject
Global
	GlobalSection(SolutionConfigurationPlatforms) = preSolution
		Debug|Any CPU = Debug|Any CPU
		Release|Any CPU = Release|Any CPU
	EndGlobalSection
	GlobalSection(ProjectConfigurationPlatforms) = postSolution
		{ED1BE137-D33A-4CE3-861B-5481771F3E0E}.Debug|Any CPU.ActiveCfg = Debug|Any CPU
		{ED1BE137-D33A-4CE3-861B-5481771F3E0E}.Debug|Any CPU.Build.0 = Debug|Any CPU
		{ED1BE137-D33A-4CE3-861B-5481771F3E0E}.Release|Any CPU.ActiveCfg = Release|Any CPU
		{ED1BE137-D33A-4CE3-861B-5481771F3E0E}.Release|Any CPU.Build.0 = Release|Any CPU
		{81218585-6048-4C7B-BDCB-79D2D959444C}.Debug|Any CPU.ActiveCfg = Debug|Any CPU
		{81218585-6048-4C7B-BDCB-79D2D959444C}.Debug|Any CPU.Build.0 = Debug|Any CPU
		{81218585-6048-4C7B-BDCB-79D2D959444C}.Release|Any CPU.ActiveCfg = Release|Any CPU
		{81218585-6048-4C7B-BDCB-79D2D959444C}.Release|Any CPU.Build.0 = Release|Any CPU
		{A6CD2E22-EEC2-47E7-B217-E570AFBB7AD1}.Debug|Any CPU.ActiveCfg = Debug|Any CPU
		{A6CD2E22-EEC2-47E7-B217-E570AFBB7AD1}.Debug|Any CPU.Build.0 = Debug|Any CPU
		{A6CD2E22-EEC2-47E7-B217-E570AFBB7AD1}.Release|Any CPU.ActiveCfg = Release|Any CPU
		{A6CD2E22-EEC2-47E7-B217-E570AFBB7AD1}.Release|Any CPU.Build.0 = Release|Any CPU
		{DDA53E0D-2BD1-49F6-9CD6-D3A0289CDF71}.Debug|Any CPU.ActiveCfg = Debug|Any CPU
		{DDA53E0D-2BD1-49F6-9CD6-D3A0289CDF71}.Debug|Any CPU.Build.0 = Debug|Any CPU
		{DDA53E0D-2BD1-49F6-9CD6-D3A0289CDF71}.Release|Any CPU.ActiveCfg = Release|Any CPU
		{DDA53E0D-2BD1-49F6-9CD6-D3A0289CDF71}.Release|Any CPU.Build.0 = Release|Any CPU
	EndGlobalSection
	GlobalSection(SolutionProperties) = preSolution
		HideSolutionNode = FALSE
	EndGlobalSection
	GlobalSection(ExtensibilityGlobals) = postSolution
		SolutionGuid = {0BF020FA-8EB7-4BD9-8ABB-C3AAC5D88C80}
	EndGlobalSection
EndGlobal
